# This file is automatically @generated by Cargo.
# It is not intended for manual editing.
version = 4

[[package]]
name = "capnp"
version = "0.23.0"
source = "registry+https://github.com/rust-lang/crates.io-index"
checksum = "bbffb6e69e1ea2cf518ac5037a78a223ecb82b4ac81e7ab33cb5211b43d712ac"
dependencies = [
 "embedded-io",
]

[[package]]
name = "capnpc"
version = "0.23.2"
source = "registry+https://github.com/rust-lang/crates.io-index"
checksum = "3f1cd4f042d6725da6245bde08c9e7c74f6fcb2d8bd5e0378e57991be8d711d8"
dependencies = [
 "capnp",
]

[[package]]
name = "embedded-io"
version = "0.7.1"
source = "registry+https://github.com/rust-lang/crates.io-index"
checksum = "9eb1aa714776b75c7e67e1da744b81a129b3ff919c8712b5e1b32252c1f07cc7"

[[package]]
name = "tsdb_core"
version = "0.1.0"
dependencies = [
 "capnp",
 "capnpc",
]

[[package]]
name = "tsdb_test"
version = "0.1.0"
dependencies = [
 "capnp",
 "tsdb_core",
]
